
Microsoft Visual Studio Solution File, Format Version 12.00
# Visual Studio 15
VisualStudioVersion = 15.0.27130.2027
MinimumVisualStudioVersion = 10.0.40219.1
Project("{9A19103F-16F7-4668-BE54-9A1E7A4F7556}") = "AzureFunctions", "AzureFunctions\AzureFunctions.csproj", "{B9261880-8800-456D-BDCA-044DF97F134C}"
EndProject
Project("{FAE04EC0-301F-11D3-BF4B-00C04F79EFBC}") = "Azureblob", "Azureblob\Azureblob.csproj", "{4945E6B4-D420-4099-B925-34D4A41EDDE7}"
EndProject
Project("{FAE04EC0-301F-11D3-BF4B-00C04F79EFBC}") = "blobTrigger", "blobTrigger\blobTrigger.csproj", "{771B4561-1A74-4EC5-ADC7-698B0CDCCB01}"
EndProject
Project("{FAE04EC0-301F-11D3-BF4B-00C04F79EFBC}") = "DistApplication", "DistApplication\DistApplication.csproj", "{2C7FA4D7-D556-42DC-96A6-05FBAF36749D}"
EndProject
Global
	GlobalSection(SolutionConfigurationPlatforms) = preSolution
		Debug|Any CPU = Debug|Any CPU
		Release|Any CPU = Release|Any CPU
	EndGlobalSection
	GlobalSection(ProjectConfigurationPlatforms) = postSolution
		{B9261880-8800-456D-BDCA-044DF97F134C}.Debug|Any CPU.ActiveCfg = Debug|Any CPU
		{B9261880-8800-456D-BDCA-044DF97F134C}.Debug|Any CPU.Build.0 = Debug|Any CPU
		{B9261880-8800-456D-BDCA-044DF97F134C}.Release|Any CPU.ActiveCfg = Release|Any CPU
		{B9261880-8800-456D-BDCA-044DF97F134C}.Release|Any CPU.Build.0 = Release|Any CPU
		{4945E6B4-D420-4099-B925-34D4A41EDDE7}.Debug|Any CPU.ActiveCfg = Debug|Any CPU
		{4945E6B4-D420-4099-B925-34D4A41EDDE7}.Debug|Any CPU.Build.0 = Debug|Any CPU
		{4945E6B4-D420-4099-B925-34D4A41EDDE7}.Release|Any CPU.ActiveCfg = Release|Any CPU
		{4945E6B4-D420-4099-B925-34D4A41EDDE7}.Release|Any CPU.Build.0 = Release|Any CPU
		{771B4561-1A74-4EC5-ADC7-698B0CDCCB01}.Debug|Any CPU.ActiveCfg = Debug|Any CPU
		{771B4561-1A74-4EC5-ADC7-698B0CDCCB01}.Debug|Any CPU.Build.0 = Debug|Any CPU
		{771B4561-1A74-4EC5-ADC7-698B0CDCCB01}.Release|Any CPU.ActiveCfg = Release|Any CPU
		{771B4561-1A74-4EC5-ADC7-698B0CDCCB01}.Release|Any CPU.Build.0 = Release|Any CPU
		{2C7FA4D7-D556-42DC-96A6-05FBAF36749D}.Debug|Any CPU.ActiveCfg = Debug|Any CPU
		{2C7FA4D7-D556-42DC-96A6-05FBAF36749D}.Debug|Any CPU.Build.0 = Debug|Any CPU
		{2C7FA4D7-D556-42DC-96A6-05FBAF36749D}.Release|Any CPU.ActiveCfg = Release|Any CPU
		{2C7FA4D7-D556-42DC-96A6-05FBAF36749D}.Release|Any CPU.Build.0 = Release|Any CPU
	EndGlobalSection
	GlobalSection(SolutionProperties) = preSolution
		HideSolutionNode = FALSE
	EndGlobalSection
	GlobalSection(ExtensibilityGlobals) = postSolution
		SolutionGuid = {0E04CF56-2E08-4688-A75C-532A063A27DB}
	EndGlobalSection
EndGlobal
